{
  "name": "odontogram",
  "version": "1.0.0",
  "lockfileVersion": 1,
  "requires": true,
  "dependencies": {
    "konva": {
      "version": "4.1.2",
      "resolved": "https://registry.npmjs.org/konva/-/konva-4.1.2.tgz",
      "integrity": "sha512-1r2H85gzCY25Rcr0csfrtABWWaV2HjeFkO4zvkvy6sJrWLit2GJyX3rdQYEw7B8q3jKqccEGdYjxr7oa2st4Qg=="
    }
  }
}
